
Microsoft Visual Studio Solution File, Format Version 12.00
# Visual Studio Version 16
VisualStudioVersion = 16.0.31313.79
MinimumVisualStudioVersion = 10.0.40219.1
Project("{FAE04EC0-301F-11D3-BF4B-00C04F79EFBC}") = "CRUD App Project", "CRUD App Project\CRUD App Project.csproj", "{C0EBD1D5-00BC-4EFA-B01A-8A42CBB4F395}"
EndProject
Global
	GlobalSection(SolutionConfigurationPlatforms) = preSolution
		Debug|Any CPU = Debug|Any CPU
		Release|Any CPU = Release|Any CPU
	EndGlobalSection
	GlobalSection(ProjectConfigurationPlatforms) = postSolution
		{C0EBD1D5-00BC-4EFA-B01A-8A42CBB4F395}.Debug|Any CPU.ActiveCfg = Debug|Any CPU
		{C0EBD1D5-00BC-4EFA-B01A-8A42CBB4F395}.Debug|Any CPU.Build.0 = Debug|Any CPU
		{C0EBD1D5-00BC-4EFA-B01A-8A42CBB4F395}.Release|Any CPU.ActiveCfg = Release|Any CPU
		{C0EBD1D5-00BC-4EFA-B01A-8A42CBB4F395}.Release|Any CPU.Build.0 = Release|Any CPU
	EndGlobalSection
	GlobalSection(SolutionProperties) = preSolution
		HideSolutionNode = FALSE
	EndGlobalSection
	GlobalSection(ExtensibilityGlobals) = postSolution
		SolutionGuid = {3E3D5DC0-D5D2-4960-9B5A-2D7D8BCA2F4A}
	EndGlobalSection
EndGlobal
